
Microsoft Visual Studio Solution File, Format Version 12.00
# Visual Studio Version 16
VisualStudioVersion = 16.0.30907.101
MinimumVisualStudioVersion = 10.0.40219.1
Project("{888888A0-9F3D-457C-B088-3A5042F75D52}") = "YuiaSultanova(Виженера)", "YuiaSultanova(Виженера)\YuiaSultanova(Виженера).pyproj", "{1E38D803-58A1-4062-B06D-5AA890CEBD54}"
EndProject
Global
	GlobalSection(SolutionConfigurationPlatforms) = preSolution
		Debug|Any CPU = Debug|Any CPU
		Release|Any CPU = Release|Any CPU
	EndGlobalSection
	GlobalSection(ProjectConfigurationPlatforms) = postSolution
		{1E38D803-58A1-4062-B06D-5AA890CEBD54}.Debug|Any CPU.ActiveCfg = Debug|Any CPU
		{1E38D803-58A1-4062-B06D-5AA890CEBD54}.Release|Any CPU.ActiveCfg = Release|Any CPU
	EndGlobalSection
	GlobalSection(SolutionProperties) = preSolution
		HideSolutionNode = FALSE
	EndGlobalSection
	GlobalSection(ExtensibilityGlobals) = postSolution
		SolutionGuid = {41A918A2-9387-4B34-9455-5DB3F6A0EBA2}
	EndGlobalSection
EndGlobal
